{
  "name": "devrails",
  "version": "0.3.1",
  "lockfileVersion": 3,
  "requires": true,
  "packages": {
    "": {
      "name": "devrails",
      "version": "0.3.1",
      "license": "MIT",
      "bin": {
        "devrails": "bin/devrails.js"
      },
      "engines": {
        "node": ">=18"
      }
    }
  }
}
